
Microsoft Visual Studio Solution File, Format Version 12.00
# Visual Studio 15
VisualStudioVersion = 15.0.28307.271
MinimumVisualStudioVersion = 10.0.40219.1
Project("{8BC9CEB8-8B4A-11D0-8D11-00A0C91BC942}") = "School", "School\School.vcxproj", "{C3C20493-D8D1-45A7-BBFB-82F7DEF5BD10}"
EndProject
Global
	GlobalSection(SolutionConfigurationPlatforms) = preSolution
		Debug|Win32 = Debug|Win32
		Release|Win32 = Release|Win32
	EndGlobalSection
	GlobalSection(ProjectConfigurationPlatforms) = postSolution
		{C3C20493-D8D1-45A7-BBFB-82F7DEF5BD10}.Debug|Win32.ActiveCfg = Debug|Win32
		{C3C20493-D8D1-45A7-BBFB-82F7DEF5BD10}.Debug|Win32.Build.0 = Debug|Win32
		{C3C20493-D8D1-45A7-BBFB-82F7DEF5BD10}.Release|Win32.ActiveCfg = Release|Win32
		{C3C20493-D8D1-45A7-BBFB-82F7DEF5BD10}.Release|Win32.Build.0 = Release|Win32
	EndGlobalSection
	GlobalSection(SolutionProperties) = preSolution
		HideSolutionNode = FALSE
	EndGlobalSection
	GlobalSection(ExtensibilityGlobals) = postSolution
		SolutionGuid = {E1231BE9-74E4-4401-90F4-EB3A5AC553FB}
	EndGlobalSection
EndGlobal
