
Microsoft Visual Studio Solution File, Format Version 11.00
# Visual Studio 2010
Project("{8BC9CEB8-8B4A-11D0-8D11-00A0C91BC942}") = "School", "School\School.vcxproj", "{C3C20493-D8D1-45A7-BBFB-82F7DEF5BD10}"
EndProject
Project("{8BC9CEB8-8B4A-11D0-8D11-00A0C91BC942}") = "prepare", "prepare\prepare.vcxproj", "{D182D14A-46FE-469D-97F1-D56F4DCEB0F0}"
EndProject
Global
	GlobalSection(SolutionConfigurationPlatforms) = preSolution
		Debug|Win32 = Debug|Win32
		Release|Win32 = Release|Win32
	EndGlobalSection
	GlobalSection(ProjectConfigurationPlatforms) = postSolution
		{C3C20493-D8D1-45A7-BBFB-82F7DEF5BD10}.Debug|Win32.ActiveCfg = Debug|Win32
		{C3C20493-D8D1-45A7-BBFB-82F7DEF5BD10}.Debug|Win32.Build.0 = Debug|Win32
		{C3C20493-D8D1-45A7-BBFB-82F7DEF5BD10}.Release|Win32.ActiveCfg = Release|Win32
		{C3C20493-D8D1-45A7-BBFB-82F7DEF5BD10}.Release|Win32.Build.0 = Release|Win32
		{D182D14A-46FE-469D-97F1-D56F4DCEB0F0}.Debug|Win32.ActiveCfg = Debug|Win32
		{D182D14A-46FE-469D-97F1-D56F4DCEB0F0}.Debug|Win32.Build.0 = Debug|Win32
		{D182D14A-46FE-469D-97F1-D56F4DCEB0F0}.Release|Win32.ActiveCfg = Release|Win32
		{D182D14A-46FE-469D-97F1-D56F4DCEB0F0}.Release|Win32.Build.0 = Release|Win32
	EndGlobalSection
	GlobalSection(SolutionProperties) = preSolution
		HideSolutionNode = FALSE
	EndGlobalSection
EndGlobal
